
Microsoft Visual Studio Solution File, Format Version 12.00
# Visual Studio 15
VisualStudioVersion = 15.0.28010.2019
MinimumVisualStudioVersion = 10.0.40219.1
Project("{9A19103F-16F7-4668-BE54-9A1E7A4F7556}") = "Columbo.IdentityProvider.Core", "Columbo.IdentityProvider.Core\Columbo.IdentityProvider.Core.csproj", "{E23ADDC3-2083-446B-A83F-6C6D6AD412B7}"
EndProject
Project("{9A19103F-16F7-4668-BE54-9A1E7A4F7556}") = "Columbo.IdentityProvider.Infrastructure", "Columbo.IdentityProvider.Infrastructure\Columbo.IdentityProvider.Infrastructure.csproj", "{B9E2FF8E-D074-4A97-9C69-8A797C287560}"
EndProject
Project("{9A19103F-16F7-4668-BE54-9A1E7A4F7556}") = "Columbo.Shared.Infrastructure", "Columbo.Shared.Infrastructure\Columbo.Shared.Infrastructure.csproj", "{09DBAC02-77E8-46FB-BCD6-050BC6A9EF28}"
EndProject
Project("{9A19103F-16F7-4668-BE54-9A1E7A4F7556}") = "Columbo.Shared.Kernel", "Columbo.Shared.Kernel\Columbo.Shared.Kernel.csproj", "{2383BE3C-02FB-4F92-9BEF-B41431E538DB}"
EndProject
Project("{2150E333-8FDC-42A3-9474-1A3956D46DE8}") = "Shared", "Shared", "{C0AE5E7F-C9B5-4939-80F7-FF0DD71A0E71}"
EndProject
Project("{9A19103F-16F7-4668-BE54-9A1E7A4F7556}") = "Columbo.Shared.Api", "Columbo.Shared.Api\Columbo.Shared.Api.csproj", "{A0743FCF-E176-4597-A5EC-F6A361BF2F37}"
EndProject
Project("{9A19103F-16F7-4668-BE54-9A1E7A4F7556}") = "Columbo.IdentityProvider.Api", "Columbo.IdentityProvider.Api\Columbo.IdentityProvider.Api.csproj", "{0A3039D3-996E-4703-B6B0-B38BA3FA5C3C}"
EndProject
Project("{9A19103F-16F7-4668-BE54-9A1E7A4F7556}") = "Columbo.IdentityProvider.Sts", "Columbo.IdentityProvider.Sts\Columbo.IdentityProvider.Sts.csproj", "{542542D1-F90E-4F37-A267-CB8E072CEC1F}"
EndProject
Project("{9A19103F-16F7-4668-BE54-9A1E7A4F7556}") = "Columbo.WebApp", "Columbo.WebApp\Columbo.WebApp.csproj", "{EAE9D5A2-9463-418E-B24F-F4ED90FE1E67}"
EndProject
Project("{2150E333-8FDC-42A3-9474-1A3956D46DE8}") = "IdentityProvider", "IdentityProvider", "{1CE10DD7-FCAC-471A-857B-99EE3EBC64F0}"
EndProject
Global
	GlobalSection(SolutionConfigurationPlatforms) = preSolution
		Debug|Any CPU = Debug|Any CPU
		Release|Any CPU = Release|Any CPU
	EndGlobalSection
	GlobalSection(ProjectConfigurationPlatforms) = postSolution
		{E23ADDC3-2083-446B-A83F-6C6D6AD412B7}.Debug|Any CPU.ActiveCfg = Debug|Any CPU
		{E23ADDC3-2083-446B-A83F-6C6D6AD412B7}.Debug|Any CPU.Build.0 = Debug|Any CPU
		{E23ADDC3-2083-446B-A83F-6C6D6AD412B7}.Release|Any CPU.ActiveCfg = Release|Any CPU
		{E23ADDC3-2083-446B-A83F-6C6D6AD412B7}.Release|Any CPU.Build.0 = Release|Any CPU
		{B9E2FF8E-D074-4A97-9C69-8A797C287560}.Debug|Any CPU.ActiveCfg = Debug|Any CPU
		{B9E2FF8E-D074-4A97-9C69-8A797C287560}.Debug|Any CPU.Build.0 = Debug|Any CPU
		{B9E2FF8E-D074-4A97-9C69-8A797C287560}.Release|Any CPU.ActiveCfg = Release|Any CPU
		{B9E2FF8E-D074-4A97-9C69-8A797C287560}.Release|Any CPU.Build.0 = Release|Any CPU
		{09DBAC02-77E8-46FB-BCD6-050BC6A9EF28}.Debug|Any CPU.ActiveCfg = Debug|Any CPU
		{09DBAC02-77E8-46FB-BCD6-050BC6A9EF28}.Debug|Any CPU.Build.0 = Debug|Any CPU
		{09DBAC02-77E8-46FB-BCD6-050BC6A9EF28}.Release|Any CPU.ActiveCfg = Release|Any CPU
		{09DBAC02-77E8-46FB-BCD6-050BC6A9EF28}.Release|Any CPU.Build.0 = Release|Any CPU
		{2383BE3C-02FB-4F92-9BEF-B41431E538DB}.Debug|Any CPU.ActiveCfg = Debug|Any CPU
		{2383BE3C-02FB-4F92-9BEF-B41431E538DB}.Debug|Any CPU.Build.0 = Debug|Any CPU
		{2383BE3C-02FB-4F92-9BEF-B41431E538DB}.Release|Any CPU.ActiveCfg = Release|Any CPU
		{2383BE3C-02FB-4F92-9BEF-B41431E538DB}.Release|Any CPU.Build.0 = Release|Any CPU
		{A0743FCF-E176-4597-A5EC-F6A361BF2F37}.Debug|Any CPU.ActiveCfg = Debug|Any CPU
		{A0743FCF-E176-4597-A5EC-F6A361BF2F37}.Debug|Any CPU.Build.0 = Debug|Any CPU
		{A0743FCF-E176-4597-A5EC-F6A361BF2F37}.Release|Any CPU.ActiveCfg = Release|Any CPU
		{A0743FCF-E176-4597-A5EC-F6A361BF2F37}.Release|Any CPU.Build.0 = Release|Any CPU
		{0A3039D3-996E-4703-B6B0-B38BA3FA5C3C}.Debug|Any CPU.ActiveCfg = Debug|Any CPU
		{0A3039D3-996E-4703-B6B0-B38BA3FA5C3C}.Debug|Any CPU.Build.0 = Debug|Any CPU
		{0A3039D3-996E-4703-B6B0-B38BA3FA5C3C}.Release|Any CPU.ActiveCfg = Release|Any CPU
		{0A3039D3-996E-4703-B6B0-B38BA3FA5C3C}.Release|Any CPU.Build.0 = Release|Any CPU
		{542542D1-F90E-4F37-A267-CB8E072CEC1F}.Debug|Any CPU.ActiveCfg = Debug|Any CPU
		{542542D1-F90E-4F37-A267-CB8E072CEC1F}.Debug|Any CPU.Build.0 = Debug|Any CPU
		{542542D1-F90E-4F37-A267-CB8E072CEC1F}.Release|Any CPU.ActiveCfg = Release|Any CPU
		{542542D1-F90E-4F37-A267-CB8E072CEC1F}.Release|Any CPU.Build.0 = Release|Any CPU
		{EAE9D5A2-9463-418E-B24F-F4ED90FE1E67}.Debug|Any CPU.ActiveCfg = Debug|Any CPU
		{EAE9D5A2-9463-418E-B24F-F4ED90FE1E67}.Debug|Any CPU.Build.0 = Debug|Any CPU
		{EAE9D5A2-9463-418E-B24F-F4ED90FE1E67}.Release|Any CPU.ActiveCfg = Release|Any CPU
		{EAE9D5A2-9463-418E-B24F-F4ED90FE1E67}.Release|Any CPU.Build.0 = Release|Any CPU
	EndGlobalSection
	GlobalSection(SolutionProperties) = preSolution
		HideSolutionNode = FALSE
	EndGlobalSection
	GlobalSection(NestedProjects) = preSolution
		{E23ADDC3-2083-446B-A83F-6C6D6AD412B7} = {1CE10DD7-FCAC-471A-857B-99EE3EBC64F0}
		{B9E2FF8E-D074-4A97-9C69-8A797C287560} = {1CE10DD7-FCAC-471A-857B-99EE3EBC64F0}
		{09DBAC02-77E8-46FB-BCD6-050BC6A9EF28} = {C0AE5E7F-C9B5-4939-80F7-FF0DD71A0E71}
		{2383BE3C-02FB-4F92-9BEF-B41431E538DB} = {C0AE5E7F-C9B5-4939-80F7-FF0DD71A0E71}
		{A0743FCF-E176-4597-A5EC-F6A361BF2F37} = {C0AE5E7F-C9B5-4939-80F7-FF0DD71A0E71}
		{0A3039D3-996E-4703-B6B0-B38BA3FA5C3C} = {1CE10DD7-FCAC-471A-857B-99EE3EBC64F0}
		{542542D1-F90E-4F37-A267-CB8E072CEC1F} = {1CE10DD7-FCAC-471A-857B-99EE3EBC64F0}
	EndGlobalSection
	GlobalSection(ExtensibilityGlobals) = postSolution
		SolutionGuid = {67036A7F-ABC2-4FF4-83F4-27843A76BE93}
	EndGlobalSection
EndGlobal
